
Microsoft Visual Studio Solution File, Format Version 12.00
# Visual Studio Version 16
VisualStudioVersion = 16.0.31702.278
MinimumVisualStudioVersion = 10.0.40219.1
Project("{FAE04EC0-301F-11D3-BF4B-00C04F79EFBC}") = "Question 3", "Question 3\Question 3.csproj", "{92721291-8A66-45C7-AE06-B5C149F2B5A3}"
EndProject
Global
	GlobalSection(SolutionConfigurationPlatforms) = preSolution
		Debug|Any CPU = Debug|Any CPU
		Release|Any CPU = Release|Any CPU
	EndGlobalSection
	GlobalSection(ProjectConfigurationPlatforms) = postSolution
		{92721291-8A66-45C7-AE06-B5C149F2B5A3}.Debug|Any CPU.ActiveCfg = Debug|Any CPU
		{92721291-8A66-45C7-AE06-B5C149F2B5A3}.Debug|Any CPU.Build.0 = Debug|Any CPU
		{92721291-8A66-45C7-AE06-B5C149F2B5A3}.Release|Any CPU.ActiveCfg = Release|Any CPU
		{92721291-8A66-45C7-AE06-B5C149F2B5A3}.Release|Any CPU.Build.0 = Release|Any CPU
	EndGlobalSection
	GlobalSection(SolutionProperties) = preSolution
		HideSolutionNode = FALSE
	EndGlobalSection
	GlobalSection(ExtensibilityGlobals) = postSolution
		SolutionGuid = {4CAF3FF6-0418-417E-A2E0-5515095C61CE}
	EndGlobalSection
EndGlobal
