
Microsoft Visual Studio Solution File, Format Version 12.00
# Visual Studio Version 16
VisualStudioVersion = 16.0.31702.278
MinimumVisualStudioVersion = 10.0.40219.1
Project("{FAE04EC0-301F-11D3-BF4B-00C04F79EFBC}") = "Question on swich", "Question on swich\Question on swich.csproj", "{9CEC420F-4948-4E7F-9AFB-663F4C9B72DA}"
EndProject
Global
	GlobalSection(SolutionConfigurationPlatforms) = preSolution
		Debug|Any CPU = Debug|Any CPU
		Release|Any CPU = Release|Any CPU
	EndGlobalSection
	GlobalSection(ProjectConfigurationPlatforms) = postSolution
		{9CEC420F-4948-4E7F-9AFB-663F4C9B72DA}.Debug|Any CPU.ActiveCfg = Debug|Any CPU
		{9CEC420F-4948-4E7F-9AFB-663F4C9B72DA}.Debug|Any CPU.Build.0 = Debug|Any CPU
		{9CEC420F-4948-4E7F-9AFB-663F4C9B72DA}.Release|Any CPU.ActiveCfg = Release|Any CPU
		{9CEC420F-4948-4E7F-9AFB-663F4C9B72DA}.Release|Any CPU.Build.0 = Release|Any CPU
	EndGlobalSection
	GlobalSection(SolutionProperties) = preSolution
		HideSolutionNode = FALSE
	EndGlobalSection
	GlobalSection(ExtensibilityGlobals) = postSolution
		SolutionGuid = {8467114C-CA24-4353-BCEC-0F545B8410AC}
	EndGlobalSection
EndGlobal
