
Microsoft Visual Studio Solution File, Format Version 12.00
# Visual Studio Version 16
VisualStudioVersion = 16.0.31702.278
MinimumVisualStudioVersion = 10.0.40219.1
Project("{FAE04EC0-301F-11D3-BF4B-00C04F79EFBC}") = "Question for Array Class", "Question for Array Class\Question for Array Class.csproj", "{F7B87EE6-CBB1-4683-9C08-D7FA7BF166E3}"
EndProject
Global
	GlobalSection(SolutionConfigurationPlatforms) = preSolution
		Debug|Any CPU = Debug|Any CPU
		Release|Any CPU = Release|Any CPU
	EndGlobalSection
	GlobalSection(ProjectConfigurationPlatforms) = postSolution
		{F7B87EE6-CBB1-4683-9C08-D7FA7BF166E3}.Debug|Any CPU.ActiveCfg = Debug|Any CPU
		{F7B87EE6-CBB1-4683-9C08-D7FA7BF166E3}.Debug|Any CPU.Build.0 = Debug|Any CPU
		{F7B87EE6-CBB1-4683-9C08-D7FA7BF166E3}.Release|Any CPU.ActiveCfg = Release|Any CPU
		{F7B87EE6-CBB1-4683-9C08-D7FA7BF166E3}.Release|Any CPU.Build.0 = Release|Any CPU
	EndGlobalSection
	GlobalSection(SolutionProperties) = preSolution
		HideSolutionNode = FALSE
	EndGlobalSection
	GlobalSection(ExtensibilityGlobals) = postSolution
		SolutionGuid = {086F9BED-E914-4925-804F-A3A5065D58C4}
	EndGlobalSection
EndGlobal
