
Microsoft Visual Studio Solution File, Format Version 12.00
# Visual Studio Version 17
VisualStudioVersion = 17.1.32210.238
MinimumVisualStudioVersion = 10.0.40219.1
Project("{FAE04EC0-301F-11D3-BF4B-00C04F79EFBC}") = "chats", "chats\chats.csproj", "{5CA2C54D-6947-4A2F-B1BC-153807D5C012}"
EndProject
Global
	GlobalSection(SolutionConfigurationPlatforms) = preSolution
		Debug|Any CPU = Debug|Any CPU
		Release|Any CPU = Release|Any CPU
	EndGlobalSection
	GlobalSection(ProjectConfigurationPlatforms) = postSolution
		{5CA2C54D-6947-4A2F-B1BC-153807D5C012}.Debug|Any CPU.ActiveCfg = Debug|Any CPU
		{5CA2C54D-6947-4A2F-B1BC-153807D5C012}.Debug|Any CPU.Build.0 = Debug|Any CPU
		{5CA2C54D-6947-4A2F-B1BC-153807D5C012}.Release|Any CPU.ActiveCfg = Release|Any CPU
		{5CA2C54D-6947-4A2F-B1BC-153807D5C012}.Release|Any CPU.Build.0 = Release|Any CPU
	EndGlobalSection
	GlobalSection(SolutionProperties) = preSolution
		HideSolutionNode = FALSE
	EndGlobalSection
	GlobalSection(ExtensibilityGlobals) = postSolution
		SolutionGuid = {C046AE76-E3C2-49A3-968D-105460B5AE0A}
	EndGlobalSection
EndGlobal
