
Microsoft Visual Studio Solution File, Format Version 12.00
# Visual Studio Version 16
VisualStudioVersion = 16.0.31702.278
MinimumVisualStudioVersion = 10.0.40219.1
Project("{9A19103F-16F7-4668-BE54-9A1E7A4F7556}") = "StudentMVC", "WebMVCtoDatabase\StudentMVC.csproj", "{8DCDFEB1-DE9F-4782-AF5E-E4ED9D591A92}"
EndProject
Global
	GlobalSection(SolutionConfigurationPlatforms) = preSolution
		Debug|Any CPU = Debug|Any CPU
		Release|Any CPU = Release|Any CPU
	EndGlobalSection
	GlobalSection(ProjectConfigurationPlatforms) = postSolution
		{8DCDFEB1-DE9F-4782-AF5E-E4ED9D591A92}.Debug|Any CPU.ActiveCfg = Debug|Any CPU
		{8DCDFEB1-DE9F-4782-AF5E-E4ED9D591A92}.Debug|Any CPU.Build.0 = Debug|Any CPU
		{8DCDFEB1-DE9F-4782-AF5E-E4ED9D591A92}.Release|Any CPU.ActiveCfg = Release|Any CPU
		{8DCDFEB1-DE9F-4782-AF5E-E4ED9D591A92}.Release|Any CPU.Build.0 = Release|Any CPU
	EndGlobalSection
	GlobalSection(SolutionProperties) = preSolution
		HideSolutionNode = FALSE
	EndGlobalSection
	GlobalSection(ExtensibilityGlobals) = postSolution
		SolutionGuid = {DA729D5A-E2CA-42D6-BCAC-CB535D0F9270}
	EndGlobalSection
EndGlobal
