
Microsoft Visual Studio Solution File, Format Version 12.00
# Visual Studio Version 16
VisualStudioVersion = 16.0.31702.278
MinimumVisualStudioVersion = 10.0.40219.1
Project("{FAE04EC0-301F-11D3-BF4B-00C04F79EFBC}") = "Question 2 of array", "Question 2 of array\Question 2 of array.csproj", "{6E90D994-A517-4E3D-840F-DDA7C62F736A}"
EndProject
Global
	GlobalSection(SolutionConfigurationPlatforms) = preSolution
		Debug|Any CPU = Debug|Any CPU
		Release|Any CPU = Release|Any CPU
	EndGlobalSection
	GlobalSection(ProjectConfigurationPlatforms) = postSolution
		{6E90D994-A517-4E3D-840F-DDA7C62F736A}.Debug|Any CPU.ActiveCfg = Debug|Any CPU
		{6E90D994-A517-4E3D-840F-DDA7C62F736A}.Debug|Any CPU.Build.0 = Debug|Any CPU
		{6E90D994-A517-4E3D-840F-DDA7C62F736A}.Release|Any CPU.ActiveCfg = Release|Any CPU
		{6E90D994-A517-4E3D-840F-DDA7C62F736A}.Release|Any CPU.Build.0 = Release|Any CPU
	EndGlobalSection
	GlobalSection(SolutionProperties) = preSolution
		HideSolutionNode = FALSE
	EndGlobalSection
	GlobalSection(ExtensibilityGlobals) = postSolution
		SolutionGuid = {C669433B-6AD3-4BA3-AED8-E6EA755716BA}
	EndGlobalSection
EndGlobal
