
Microsoft Visual Studio Solution File, Format Version 12.00
# Visual Studio Version 16
VisualStudioVersion = 16.0.31702.278
MinimumVisualStudioVersion = 10.0.40219.1
Project("{FAE04EC0-301F-11D3-BF4B-00C04F79EFBC}") = "Question 20", "Question 20\Question 20.csproj", "{A0403EB9-9411-43BD-B16B-C84A2A784825}"
EndProject
Global
	GlobalSection(SolutionConfigurationPlatforms) = preSolution
		Debug|Any CPU = Debug|Any CPU
		Release|Any CPU = Release|Any CPU
	EndGlobalSection
	GlobalSection(ProjectConfigurationPlatforms) = postSolution
		{A0403EB9-9411-43BD-B16B-C84A2A784825}.Debug|Any CPU.ActiveCfg = Debug|Any CPU
		{A0403EB9-9411-43BD-B16B-C84A2A784825}.Debug|Any CPU.Build.0 = Debug|Any CPU
		{A0403EB9-9411-43BD-B16B-C84A2A784825}.Release|Any CPU.ActiveCfg = Release|Any CPU
		{A0403EB9-9411-43BD-B16B-C84A2A784825}.Release|Any CPU.Build.0 = Release|Any CPU
	EndGlobalSection
	GlobalSection(SolutionProperties) = preSolution
		HideSolutionNode = FALSE
	EndGlobalSection
	GlobalSection(ExtensibilityGlobals) = postSolution
		SolutionGuid = {E0510F77-13B1-48B1-95AD-50F3D05028D8}
	EndGlobalSection
EndGlobal
