
Microsoft Visual Studio Solution File, Format Version 12.00
# Visual Studio Version 16
VisualStudioVersion = 16.0.31702.278
MinimumVisualStudioVersion = 10.0.40219.1
Project("{FAE04EC0-301F-11D3-BF4B-00C04F79EFBC}") = "Operators Overload", "Operators Overload\Operators Overload.csproj", "{5C9629F7-4022-4017-9537-D155F6D9FFED}"
EndProject
Global
	GlobalSection(SolutionConfigurationPlatforms) = preSolution
		Debug|Any CPU = Debug|Any CPU
		Release|Any CPU = Release|Any CPU
	EndGlobalSection
	GlobalSection(ProjectConfigurationPlatforms) = postSolution
		{5C9629F7-4022-4017-9537-D155F6D9FFED}.Debug|Any CPU.ActiveCfg = Debug|Any CPU
		{5C9629F7-4022-4017-9537-D155F6D9FFED}.Debug|Any CPU.Build.0 = Debug|Any CPU
		{5C9629F7-4022-4017-9537-D155F6D9FFED}.Release|Any CPU.ActiveCfg = Release|Any CPU
		{5C9629F7-4022-4017-9537-D155F6D9FFED}.Release|Any CPU.Build.0 = Release|Any CPU
	EndGlobalSection
	GlobalSection(SolutionProperties) = preSolution
		HideSolutionNode = FALSE
	EndGlobalSection
	GlobalSection(ExtensibilityGlobals) = postSolution
		SolutionGuid = {A0812CE2-6472-4844-9073-34F78B1AC8C2}
	EndGlobalSection
EndGlobal
