
Microsoft Visual Studio Solution File, Format Version 12.00
# Visual Studio Version 16
VisualStudioVersion = 16.0.31702.278
MinimumVisualStudioVersion = 10.0.40219.1
Project("{FAE04EC0-301F-11D3-BF4B-00C04F79EFBC}") = "Question 11 chapter6", "Question 11 chapter6\Question 11 chapter6.csproj", "{0A1F78B0-A37F-46BD-A1C3-F27E84EBEA64}"
EndProject
Global
	GlobalSection(SolutionConfigurationPlatforms) = preSolution
		Debug|Any CPU = Debug|Any CPU
		Release|Any CPU = Release|Any CPU
	EndGlobalSection
	GlobalSection(ProjectConfigurationPlatforms) = postSolution
		{0A1F78B0-A37F-46BD-A1C3-F27E84EBEA64}.Debug|Any CPU.ActiveCfg = Debug|Any CPU
		{0A1F78B0-A37F-46BD-A1C3-F27E84EBEA64}.Debug|Any CPU.Build.0 = Debug|Any CPU
		{0A1F78B0-A37F-46BD-A1C3-F27E84EBEA64}.Release|Any CPU.ActiveCfg = Release|Any CPU
		{0A1F78B0-A37F-46BD-A1C3-F27E84EBEA64}.Release|Any CPU.Build.0 = Release|Any CPU
	EndGlobalSection
	GlobalSection(SolutionProperties) = preSolution
		HideSolutionNode = FALSE
	EndGlobalSection
	GlobalSection(ExtensibilityGlobals) = postSolution
		SolutionGuid = {588C3E84-4CE2-4CD3-BC54-5173BC3992C6}
	EndGlobalSection
EndGlobal
