
Microsoft Visual Studio Solution File, Format Version 12.00
# Visual Studio Version 16
VisualStudioVersion = 16.0.31702.278
MinimumVisualStudioVersion = 10.0.40219.1
Project("{FAE04EC0-301F-11D3-BF4B-00C04F79EFBC}") = "Question 18", "Question 18\Question 18.csproj", "{7CDBBBB4-A662-4D37-8795-2BC0E737B5E3}"
EndProject
Global
	GlobalSection(SolutionConfigurationPlatforms) = preSolution
		Debug|Any CPU = Debug|Any CPU
		Release|Any CPU = Release|Any CPU
	EndGlobalSection
	GlobalSection(ProjectConfigurationPlatforms) = postSolution
		{7CDBBBB4-A662-4D37-8795-2BC0E737B5E3}.Debug|Any CPU.ActiveCfg = Debug|Any CPU
		{7CDBBBB4-A662-4D37-8795-2BC0E737B5E3}.Debug|Any CPU.Build.0 = Debug|Any CPU
		{7CDBBBB4-A662-4D37-8795-2BC0E737B5E3}.Release|Any CPU.ActiveCfg = Release|Any CPU
		{7CDBBBB4-A662-4D37-8795-2BC0E737B5E3}.Release|Any CPU.Build.0 = Release|Any CPU
	EndGlobalSection
	GlobalSection(SolutionProperties) = preSolution
		HideSolutionNode = FALSE
	EndGlobalSection
	GlobalSection(ExtensibilityGlobals) = postSolution
		SolutionGuid = {1B1D0F5A-09E7-49B2-A255-E0F2B3B99A5E}
	EndGlobalSection
EndGlobal
