
Microsoft Visual Studio Solution File, Format Version 12.00
# Visual Studio Version 16
VisualStudioVersion = 16.0.31702.278
MinimumVisualStudioVersion = 10.0.40219.1
Project("{FAE04EC0-301F-11D3-BF4B-00C04F79EFBC}") = "Number 9", "Number 9\Number 9.csproj", "{487D1C4E-91A3-4E42-A00A-4392EA21FDB5}"
EndProject
Global
	GlobalSection(SolutionConfigurationPlatforms) = preSolution
		Debug|Any CPU = Debug|Any CPU
		Release|Any CPU = Release|Any CPU
	EndGlobalSection
	GlobalSection(ProjectConfigurationPlatforms) = postSolution
		{487D1C4E-91A3-4E42-A00A-4392EA21FDB5}.Debug|Any CPU.ActiveCfg = Debug|Any CPU
		{487D1C4E-91A3-4E42-A00A-4392EA21FDB5}.Debug|Any CPU.Build.0 = Debug|Any CPU
		{487D1C4E-91A3-4E42-A00A-4392EA21FDB5}.Release|Any CPU.ActiveCfg = Release|Any CPU
		{487D1C4E-91A3-4E42-A00A-4392EA21FDB5}.Release|Any CPU.Build.0 = Release|Any CPU
	EndGlobalSection
	GlobalSection(SolutionProperties) = preSolution
		HideSolutionNode = FALSE
	EndGlobalSection
	GlobalSection(ExtensibilityGlobals) = postSolution
		SolutionGuid = {A4B8EC0D-FF58-4E9C-A119-9A6C1F8F6EBE}
	EndGlobalSection
EndGlobal
