
Microsoft Visual Studio Solution File, Format Version 12.00
# Visual Studio Version 16
VisualStudioVersion = 16.0.31702.278
MinimumVisualStudioVersion = 10.0.40219.1
Project("{FAE04EC0-301F-11D3-BF4B-00C04F79EFBC}") = "revition", "revition\revition.csproj", "{8F3DC802-16BF-4FAD-AA07-D1EAAB9B1895}"
EndProject
Global
	GlobalSection(SolutionConfigurationPlatforms) = preSolution
		Debug|Any CPU = Debug|Any CPU
		Release|Any CPU = Release|Any CPU
	EndGlobalSection
	GlobalSection(ProjectConfigurationPlatforms) = postSolution
		{8F3DC802-16BF-4FAD-AA07-D1EAAB9B1895}.Debug|Any CPU.ActiveCfg = Debug|Any CPU
		{8F3DC802-16BF-4FAD-AA07-D1EAAB9B1895}.Debug|Any CPU.Build.0 = Debug|Any CPU
		{8F3DC802-16BF-4FAD-AA07-D1EAAB9B1895}.Release|Any CPU.ActiveCfg = Release|Any CPU
		{8F3DC802-16BF-4FAD-AA07-D1EAAB9B1895}.Release|Any CPU.Build.0 = Release|Any CPU
	EndGlobalSection
	GlobalSection(SolutionProperties) = preSolution
		HideSolutionNode = FALSE
	EndGlobalSection
	GlobalSection(ExtensibilityGlobals) = postSolution
		SolutionGuid = {CF3427D9-0D85-4CF4-9B27-AAE6D663D06B}
	EndGlobalSection
EndGlobal
