
Microsoft Visual Studio Solution File, Format Version 12.00
# Visual Studio Version 16
VisualStudioVersion = 16.0.31702.278
MinimumVisualStudioVersion = 10.0.40219.1
Project("{FAE04EC0-301F-11D3-BF4B-00C04F79EFBC}") = "Question 2 Chapter7", "Question 2 Chapter7\Question 2 Chapter7.csproj", "{408C3A5C-10D8-4C0E-AB3D-EE6788CCD7A9}"
EndProject
Global
	GlobalSection(SolutionConfigurationPlatforms) = preSolution
		Debug|Any CPU = Debug|Any CPU
		Release|Any CPU = Release|Any CPU
	EndGlobalSection
	GlobalSection(ProjectConfigurationPlatforms) = postSolution
		{408C3A5C-10D8-4C0E-AB3D-EE6788CCD7A9}.Debug|Any CPU.ActiveCfg = Debug|Any CPU
		{408C3A5C-10D8-4C0E-AB3D-EE6788CCD7A9}.Debug|Any CPU.Build.0 = Debug|Any CPU
		{408C3A5C-10D8-4C0E-AB3D-EE6788CCD7A9}.Release|Any CPU.ActiveCfg = Release|Any CPU
		{408C3A5C-10D8-4C0E-AB3D-EE6788CCD7A9}.Release|Any CPU.Build.0 = Release|Any CPU
	EndGlobalSection
	GlobalSection(SolutionProperties) = preSolution
		HideSolutionNode = FALSE
	EndGlobalSection
	GlobalSection(ExtensibilityGlobals) = postSolution
		SolutionGuid = {B4A10C18-D729-44C8-9630-CDD521D79738}
	EndGlobalSection
EndGlobal
