
Microsoft Visual Studio Solution File, Format Version 12.00
# Visual Studio Version 16
VisualStudioVersion = 16.0.31702.278
MinimumVisualStudioVersion = 10.0.40219.1
Project("{FAE04EC0-301F-11D3-BF4B-00C04F79EFBC}") = "randomgenerated", "randomgenerated\randomgenerated.csproj", "{D5ACB6A5-6E97-4806-BC52-6FFDBFA8C496}"
EndProject
Global
	GlobalSection(SolutionConfigurationPlatforms) = preSolution
		Debug|Any CPU = Debug|Any CPU
		Release|Any CPU = Release|Any CPU
	EndGlobalSection
	GlobalSection(ProjectConfigurationPlatforms) = postSolution
		{D5ACB6A5-6E97-4806-BC52-6FFDBFA8C496}.Debug|Any CPU.ActiveCfg = Debug|Any CPU
		{D5ACB6A5-6E97-4806-BC52-6FFDBFA8C496}.Debug|Any CPU.Build.0 = Debug|Any CPU
		{D5ACB6A5-6E97-4806-BC52-6FFDBFA8C496}.Release|Any CPU.ActiveCfg = Release|Any CPU
		{D5ACB6A5-6E97-4806-BC52-6FFDBFA8C496}.Release|Any CPU.Build.0 = Release|Any CPU
	EndGlobalSection
	GlobalSection(SolutionProperties) = preSolution
		HideSolutionNode = FALSE
	EndGlobalSection
	GlobalSection(ExtensibilityGlobals) = postSolution
		SolutionGuid = {64F6B048-F1A4-4883-AFC5-FC2D7F6A4BCE}
	EndGlobalSection
EndGlobal
