
Microsoft Visual Studio Solution File, Format Version 12.00
# Visual Studio Version 16
VisualStudioVersion = 16.0.31702.278
MinimumVisualStudioVersion = 10.0.40219.1
Project("{FAE04EC0-301F-11D3-BF4B-00C04F79EFBC}") = "Question 5", "Question 5\Question 5.csproj", "{9F6301E6-BC22-4334-8AAA-82FA6AFCEFEC}"
EndProject
Global
	GlobalSection(SolutionConfigurationPlatforms) = preSolution
		Debug|Any CPU = Debug|Any CPU
		Release|Any CPU = Release|Any CPU
	EndGlobalSection
	GlobalSection(ProjectConfigurationPlatforms) = postSolution
		{9F6301E6-BC22-4334-8AAA-82FA6AFCEFEC}.Debug|Any CPU.ActiveCfg = Debug|Any CPU
		{9F6301E6-BC22-4334-8AAA-82FA6AFCEFEC}.Debug|Any CPU.Build.0 = Debug|Any CPU
		{9F6301E6-BC22-4334-8AAA-82FA6AFCEFEC}.Release|Any CPU.ActiveCfg = Release|Any CPU
		{9F6301E6-BC22-4334-8AAA-82FA6AFCEFEC}.Release|Any CPU.Build.0 = Release|Any CPU
	EndGlobalSection
	GlobalSection(SolutionProperties) = preSolution
		HideSolutionNode = FALSE
	EndGlobalSection
	GlobalSection(ExtensibilityGlobals) = postSolution
		SolutionGuid = {7904CCA6-1423-4E3B-AA2E-B788A37CF3E1}
	EndGlobalSection
EndGlobal
