
Microsoft Visual Studio Solution File, Format Version 12.00
# Visual Studio Version 16
VisualStudioVersion = 16.0.31702.278
MinimumVisualStudioVersion = 10.0.40219.1
Project("{FAE04EC0-301F-11D3-BF4B-00C04F79EFBC}") = "File Class Topic", "File Class Topic\File Class Topic.csproj", "{DA40297B-5D81-4AEC-A443-04E0A96E8C80}"
EndProject
Global
	GlobalSection(SolutionConfigurationPlatforms) = preSolution
		Debug|Any CPU = Debug|Any CPU
		Release|Any CPU = Release|Any CPU
	EndGlobalSection
	GlobalSection(ProjectConfigurationPlatforms) = postSolution
		{DA40297B-5D81-4AEC-A443-04E0A96E8C80}.Debug|Any CPU.ActiveCfg = Debug|Any CPU
		{DA40297B-5D81-4AEC-A443-04E0A96E8C80}.Debug|Any CPU.Build.0 = Debug|Any CPU
		{DA40297B-5D81-4AEC-A443-04E0A96E8C80}.Release|Any CPU.ActiveCfg = Release|Any CPU
		{DA40297B-5D81-4AEC-A443-04E0A96E8C80}.Release|Any CPU.Build.0 = Release|Any CPU
	EndGlobalSection
	GlobalSection(SolutionProperties) = preSolution
		HideSolutionNode = FALSE
	EndGlobalSection
	GlobalSection(ExtensibilityGlobals) = postSolution
		SolutionGuid = {E8ADDC6E-0579-4292-BBD3-70A358B8A1B4}
	EndGlobalSection
EndGlobal
