
Microsoft Visual Studio Solution File, Format Version 12.00
# Visual Studio Version 16
VisualStudioVersion = 16.0.31702.278
MinimumVisualStudioVersion = 10.0.40219.1
Project("{FAE04EC0-301F-11D3-BF4B-00C04F79EFBC}") = "Question 1 chapter7", "Question 1 chapter7\Question 1 chapter7.csproj", "{2641F46F-FF80-4D2E-A5B9-83B9CADE767B}"
EndProject
Global
	GlobalSection(SolutionConfigurationPlatforms) = preSolution
		Debug|Any CPU = Debug|Any CPU
		Release|Any CPU = Release|Any CPU
	EndGlobalSection
	GlobalSection(ProjectConfigurationPlatforms) = postSolution
		{2641F46F-FF80-4D2E-A5B9-83B9CADE767B}.Debug|Any CPU.ActiveCfg = Debug|Any CPU
		{2641F46F-FF80-4D2E-A5B9-83B9CADE767B}.Debug|Any CPU.Build.0 = Debug|Any CPU
		{2641F46F-FF80-4D2E-A5B9-83B9CADE767B}.Release|Any CPU.ActiveCfg = Release|Any CPU
		{2641F46F-FF80-4D2E-A5B9-83B9CADE767B}.Release|Any CPU.Build.0 = Release|Any CPU
	EndGlobalSection
	GlobalSection(SolutionProperties) = preSolution
		HideSolutionNode = FALSE
	EndGlobalSection
	GlobalSection(ExtensibilityGlobals) = postSolution
		SolutionGuid = {DAD33DC9-EF15-40C6-9813-8C449E3ABE7E}
	EndGlobalSection
EndGlobal
