
Microsoft Visual Studio Solution File, Format Version 12.00
# Visual Studio Version 16
VisualStudioVersion = 16.0.31702.278
MinimumVisualStudioVersion = 10.0.40219.1
Project("{FAE04EC0-301F-11D3-BF4B-00C04F79EFBC}") = "Csharp Class3", "Csharp Class3\Csharp Class3.csproj", "{C50D8384-F4FA-4C41-AE9B-0E0D26A849CE}"
EndProject
Global
	GlobalSection(SolutionConfigurationPlatforms) = preSolution
		Debug|Any CPU = Debug|Any CPU
		Release|Any CPU = Release|Any CPU
	EndGlobalSection
	GlobalSection(ProjectConfigurationPlatforms) = postSolution
		{C50D8384-F4FA-4C41-AE9B-0E0D26A849CE}.Debug|Any CPU.ActiveCfg = Debug|Any CPU
		{C50D8384-F4FA-4C41-AE9B-0E0D26A849CE}.Debug|Any CPU.Build.0 = Debug|Any CPU
		{C50D8384-F4FA-4C41-AE9B-0E0D26A849CE}.Release|Any CPU.ActiveCfg = Release|Any CPU
		{C50D8384-F4FA-4C41-AE9B-0E0D26A849CE}.Release|Any CPU.Build.0 = Release|Any CPU
	EndGlobalSection
	GlobalSection(SolutionProperties) = preSolution
		HideSolutionNode = FALSE
	EndGlobalSection
	GlobalSection(ExtensibilityGlobals) = postSolution
		SolutionGuid = {709A3F41-47E7-493C-9384-7E4B90915A42}
	EndGlobalSection
EndGlobal
