
Microsoft Visual Studio Solution File, Format Version 12.00
# Visual Studio Version 16
VisualStudioVersion = 16.0.31702.278
MinimumVisualStudioVersion = 10.0.40219.1
Project("{FAE04EC0-301F-11D3-BF4B-00C04F79EFBC}") = "CsharpDay1Class", "CsharpDay1Class\CsharpDay1Class.csproj", "{6D066744-483C-42CF-A284-340B92AA3CD1}"
EndProject
Global
	GlobalSection(SolutionConfigurationPlatforms) = preSolution
		Debug|Any CPU = Debug|Any CPU
		Release|Any CPU = Release|Any CPU
	EndGlobalSection
	GlobalSection(ProjectConfigurationPlatforms) = postSolution
		{6D066744-483C-42CF-A284-340B92AA3CD1}.Debug|Any CPU.ActiveCfg = Debug|Any CPU
		{6D066744-483C-42CF-A284-340B92AA3CD1}.Debug|Any CPU.Build.0 = Debug|Any CPU
		{6D066744-483C-42CF-A284-340B92AA3CD1}.Release|Any CPU.ActiveCfg = Release|Any CPU
		{6D066744-483C-42CF-A284-340B92AA3CD1}.Release|Any CPU.Build.0 = Release|Any CPU
	EndGlobalSection
	GlobalSection(SolutionProperties) = preSolution
		HideSolutionNode = FALSE
	EndGlobalSection
	GlobalSection(ExtensibilityGlobals) = postSolution
		SolutionGuid = {838C8CAF-D582-4C2E-83D2-86CFF92EF54F}
	EndGlobalSection
EndGlobal
