
Microsoft Visual Studio Solution File, Format Version 12.00
# Visual Studio Version 16
VisualStudioVersion = 16.0.31702.278
MinimumVisualStudioVersion = 10.0.40219.1
Project("{FAE04EC0-301F-11D3-BF4B-00C04F79EFBC}") = "MyAccount", "Entities\MyAccount.csproj", "{589C4774-5D0F-4636-AC86-FB8B02ACE0D6}"
EndProject
Global
	GlobalSection(SolutionConfigurationPlatforms) = preSolution
		Debug|Any CPU = Debug|Any CPU
		Release|Any CPU = Release|Any CPU
	EndGlobalSection
	GlobalSection(ProjectConfigurationPlatforms) = postSolution
		{589C4774-5D0F-4636-AC86-FB8B02ACE0D6}.Debug|Any CPU.ActiveCfg = Debug|Any CPU
		{589C4774-5D0F-4636-AC86-FB8B02ACE0D6}.Debug|Any CPU.Build.0 = Debug|Any CPU
		{589C4774-5D0F-4636-AC86-FB8B02ACE0D6}.Release|Any CPU.ActiveCfg = Release|Any CPU
		{589C4774-5D0F-4636-AC86-FB8B02ACE0D6}.Release|Any CPU.Build.0 = Release|Any CPU
	EndGlobalSection
	GlobalSection(SolutionProperties) = preSolution
		HideSolutionNode = FALSE
	EndGlobalSection
	GlobalSection(ExtensibilityGlobals) = postSolution
		SolutionGuid = {C2C8CDC7-2C82-4F1E-9CE9-AD42253D2B72}
	EndGlobalSection
EndGlobal
