
Microsoft Visual Studio Solution File, Format Version 12.00
# Visual Studio Version 16
VisualStudioVersion = 16.0.31702.278
MinimumVisualStudioVersion = 10.0.40219.1
Project("{FAE04EC0-301F-11D3-BF4B-00C04F79EFBC}") = "Question 9 chapter6", "Question 9 chapter6\Question 9 chapter6.csproj", "{D10A40E9-D32A-4AB1-B790-77D8B606EE67}"
EndProject
Global
	GlobalSection(SolutionConfigurationPlatforms) = preSolution
		Debug|Any CPU = Debug|Any CPU
		Release|Any CPU = Release|Any CPU
	EndGlobalSection
	GlobalSection(ProjectConfigurationPlatforms) = postSolution
		{D10A40E9-D32A-4AB1-B790-77D8B606EE67}.Debug|Any CPU.ActiveCfg = Debug|Any CPU
		{D10A40E9-D32A-4AB1-B790-77D8B606EE67}.Debug|Any CPU.Build.0 = Debug|Any CPU
		{D10A40E9-D32A-4AB1-B790-77D8B606EE67}.Release|Any CPU.ActiveCfg = Release|Any CPU
		{D10A40E9-D32A-4AB1-B790-77D8B606EE67}.Release|Any CPU.Build.0 = Release|Any CPU
	EndGlobalSection
	GlobalSection(SolutionProperties) = preSolution
		HideSolutionNode = FALSE
	EndGlobalSection
	GlobalSection(ExtensibilityGlobals) = postSolution
		SolutionGuid = {AD07FF0E-748F-41ED-B630-F11D23AEA197}
	EndGlobalSection
EndGlobal
