
Microsoft Visual Studio Solution File, Format Version 12.00
# Visual Studio Version 16
VisualStudioVersion = 16.0.31702.278
MinimumVisualStudioVersion = 10.0.40219.1
Project("{FAE04EC0-301F-11D3-BF4B-00C04F79EFBC}") = "Csharpclassday2", "Csharpclassday2\Csharpclassday2.csproj", "{C68F1FF6-3721-4DD5-81B2-EE72C733CCD7}"
EndProject
Global
	GlobalSection(SolutionConfigurationPlatforms) = preSolution
		Debug|Any CPU = Debug|Any CPU
		Release|Any CPU = Release|Any CPU
	EndGlobalSection
	GlobalSection(ProjectConfigurationPlatforms) = postSolution
		{C68F1FF6-3721-4DD5-81B2-EE72C733CCD7}.Debug|Any CPU.ActiveCfg = Debug|Any CPU
		{C68F1FF6-3721-4DD5-81B2-EE72C733CCD7}.Debug|Any CPU.Build.0 = Debug|Any CPU
		{C68F1FF6-3721-4DD5-81B2-EE72C733CCD7}.Release|Any CPU.ActiveCfg = Release|Any CPU
		{C68F1FF6-3721-4DD5-81B2-EE72C733CCD7}.Release|Any CPU.Build.0 = Release|Any CPU
	EndGlobalSection
	GlobalSection(SolutionProperties) = preSolution
		HideSolutionNode = FALSE
	EndGlobalSection
	GlobalSection(ExtensibilityGlobals) = postSolution
		SolutionGuid = {1F99AAD8-B0EE-48C4-94D3-ACFDB7A91298}
	EndGlobalSection
EndGlobal
