
Microsoft Visual Studio Solution File, Format Version 12.00
# Visual Studio Version 16
VisualStudioVersion = 16.0.31702.278
MinimumVisualStudioVersion = 10.0.40219.1
Project("{FAE04EC0-301F-11D3-BF4B-00C04F79EFBC}") = "Question 8", "Question 8\Question 8.csproj", "{358ED7EF-395B-4FD4-A4D1-AFB01B6686D8}"
EndProject
Global
	GlobalSection(SolutionConfigurationPlatforms) = preSolution
		Debug|Any CPU = Debug|Any CPU
		Release|Any CPU = Release|Any CPU
	EndGlobalSection
	GlobalSection(ProjectConfigurationPlatforms) = postSolution
		{358ED7EF-395B-4FD4-A4D1-AFB01B6686D8}.Debug|Any CPU.ActiveCfg = Debug|Any CPU
		{358ED7EF-395B-4FD4-A4D1-AFB01B6686D8}.Debug|Any CPU.Build.0 = Debug|Any CPU
		{358ED7EF-395B-4FD4-A4D1-AFB01B6686D8}.Release|Any CPU.ActiveCfg = Release|Any CPU
		{358ED7EF-395B-4FD4-A4D1-AFB01B6686D8}.Release|Any CPU.Build.0 = Release|Any CPU
	EndGlobalSection
	GlobalSection(SolutionProperties) = preSolution
		HideSolutionNode = FALSE
	EndGlobalSection
	GlobalSection(ExtensibilityGlobals) = postSolution
		SolutionGuid = {9F4789D9-2AF5-411C-A397-F5F6634A27D0}
	EndGlobalSection
EndGlobal
