
Microsoft Visual Studio Solution File, Format Version 12.00
# Visual Studio Version 17
VisualStudioVersion = 17.1.32210.238
MinimumVisualStudioVersion = 10.0.40219.1
Project("{FAE04EC0-301F-11D3-BF4B-00C04F79EFBC}") = "clockwise", "clockwise\clockwise.csproj", "{E2571CFF-2446-4EFA-B792-698EAC67AADA}"
EndProject
Global
	GlobalSection(SolutionConfigurationPlatforms) = preSolution
		Debug|Any CPU = Debug|Any CPU
		Release|Any CPU = Release|Any CPU
	EndGlobalSection
	GlobalSection(ProjectConfigurationPlatforms) = postSolution
		{E2571CFF-2446-4EFA-B792-698EAC67AADA}.Debug|Any CPU.ActiveCfg = Debug|Any CPU
		{E2571CFF-2446-4EFA-B792-698EAC67AADA}.Debug|Any CPU.Build.0 = Debug|Any CPU
		{E2571CFF-2446-4EFA-B792-698EAC67AADA}.Release|Any CPU.ActiveCfg = Release|Any CPU
		{E2571CFF-2446-4EFA-B792-698EAC67AADA}.Release|Any CPU.Build.0 = Release|Any CPU
	EndGlobalSection
	GlobalSection(SolutionProperties) = preSolution
		HideSolutionNode = FALSE
	EndGlobalSection
	GlobalSection(ExtensibilityGlobals) = postSolution
		SolutionGuid = {0CC4CF36-7FF4-48D0-B5CB-69CB9BBECB0D}
	EndGlobalSection
EndGlobal
