
Microsoft Visual Studio Solution File, Format Version 12.00
# Visual Studio Version 16
VisualStudioVersion = 16.0.31702.278
MinimumVisualStudioVersion = 10.0.40219.1
Project("{FAE04EC0-301F-11D3-BF4B-00C04F79EFBC}") = "Small Project", "Small Project\Small Project.csproj", "{BB3203B8-034C-491F-97CE-0F643C5B4118}"
EndProject
Global
	GlobalSection(SolutionConfigurationPlatforms) = preSolution
		Debug|Any CPU = Debug|Any CPU
		Release|Any CPU = Release|Any CPU
	EndGlobalSection
	GlobalSection(ProjectConfigurationPlatforms) = postSolution
		{BB3203B8-034C-491F-97CE-0F643C5B4118}.Debug|Any CPU.ActiveCfg = Debug|Any CPU
		{BB3203B8-034C-491F-97CE-0F643C5B4118}.Debug|Any CPU.Build.0 = Debug|Any CPU
		{BB3203B8-034C-491F-97CE-0F643C5B4118}.Release|Any CPU.ActiveCfg = Release|Any CPU
		{BB3203B8-034C-491F-97CE-0F643C5B4118}.Release|Any CPU.Build.0 = Release|Any CPU
	EndGlobalSection
	GlobalSection(SolutionProperties) = preSolution
		HideSolutionNode = FALSE
	EndGlobalSection
	GlobalSection(ExtensibilityGlobals) = postSolution
		SolutionGuid = {C0310AE3-0D76-4C4D-83E1-0887D57595B7}
	EndGlobalSection
EndGlobal
