
Microsoft Visual Studio Solution File, Format Version 12.00
# Visual Studio Version 16
VisualStudioVersion = 16.0.31702.278
MinimumVisualStudioVersion = 10.0.40219.1
Project("{FAE04EC0-301F-11D3-BF4B-00C04F79EFBC}") = "OOP classWork 3", "OOP classWork 3\OOP classWork 3.csproj", "{10A367F2-8ED3-4413-BE38-D55080F1ED40}"
EndProject
Global
	GlobalSection(SolutionConfigurationPlatforms) = preSolution
		Debug|Any CPU = Debug|Any CPU
		Release|Any CPU = Release|Any CPU
	EndGlobalSection
	GlobalSection(ProjectConfigurationPlatforms) = postSolution
		{10A367F2-8ED3-4413-BE38-D55080F1ED40}.Debug|Any CPU.ActiveCfg = Debug|Any CPU
		{10A367F2-8ED3-4413-BE38-D55080F1ED40}.Debug|Any CPU.Build.0 = Debug|Any CPU
		{10A367F2-8ED3-4413-BE38-D55080F1ED40}.Release|Any CPU.ActiveCfg = Release|Any CPU
		{10A367F2-8ED3-4413-BE38-D55080F1ED40}.Release|Any CPU.Build.0 = Release|Any CPU
	EndGlobalSection
	GlobalSection(SolutionProperties) = preSolution
		HideSolutionNode = FALSE
	EndGlobalSection
	GlobalSection(ExtensibilityGlobals) = postSolution
		SolutionGuid = {C6E8CDBB-54A9-4104-B26C-C9ABF4A34239}
	EndGlobalSection
EndGlobal
