
Microsoft Visual Studio Solution File, Format Version 12.00
# Visual Studio Version 16
VisualStudioVersion = 16.0.31702.278
MinimumVisualStudioVersion = 10.0.40219.1
Project("{FAE04EC0-301F-11D3-BF4B-00C04F79EFBC}") = "Csharps Question1", "Csharps Question1\Csharps Question1.csproj", "{31B62E74-0FB5-433B-A59E-FB69091A9569}"
EndProject
Global
	GlobalSection(SolutionConfigurationPlatforms) = preSolution
		Debug|Any CPU = Debug|Any CPU
		Release|Any CPU = Release|Any CPU
	EndGlobalSection
	GlobalSection(ProjectConfigurationPlatforms) = postSolution
		{31B62E74-0FB5-433B-A59E-FB69091A9569}.Debug|Any CPU.ActiveCfg = Debug|Any CPU
		{31B62E74-0FB5-433B-A59E-FB69091A9569}.Debug|Any CPU.Build.0 = Debug|Any CPU
		{31B62E74-0FB5-433B-A59E-FB69091A9569}.Release|Any CPU.ActiveCfg = Release|Any CPU
		{31B62E74-0FB5-433B-A59E-FB69091A9569}.Release|Any CPU.Build.0 = Release|Any CPU
	EndGlobalSection
	GlobalSection(SolutionProperties) = preSolution
		HideSolutionNode = FALSE
	EndGlobalSection
	GlobalSection(ExtensibilityGlobals) = postSolution
		SolutionGuid = {E18CA663-F0D7-4E21-82CA-BB52CF0F1FA3}
	EndGlobalSection
EndGlobal
