
Microsoft Visual Studio Solution File, Format Version 12.00
# Visual Studio Version 16
VisualStudioVersion = 16.0.31702.278
MinimumVisualStudioVersion = 10.0.40219.1
Project("{FAE04EC0-301F-11D3-BF4B-00C04F79EFBC}") = "ConsoleApp3", "ConsoleApp3\ConsoleApp3.csproj", "{E1164E6A-0F3B-4B17-91D1-267A4C17C97A}"
EndProject
Global
	GlobalSection(SolutionConfigurationPlatforms) = preSolution
		Debug|Any CPU = Debug|Any CPU
		Release|Any CPU = Release|Any CPU
	EndGlobalSection
	GlobalSection(ProjectConfigurationPlatforms) = postSolution
		{E1164E6A-0F3B-4B17-91D1-267A4C17C97A}.Debug|Any CPU.ActiveCfg = Debug|Any CPU
		{E1164E6A-0F3B-4B17-91D1-267A4C17C97A}.Debug|Any CPU.Build.0 = Debug|Any CPU
		{E1164E6A-0F3B-4B17-91D1-267A4C17C97A}.Release|Any CPU.ActiveCfg = Release|Any CPU
		{E1164E6A-0F3B-4B17-91D1-267A4C17C97A}.Release|Any CPU.Build.0 = Release|Any CPU
	EndGlobalSection
	GlobalSection(SolutionProperties) = preSolution
		HideSolutionNode = FALSE
	EndGlobalSection
	GlobalSection(ExtensibilityGlobals) = postSolution
		SolutionGuid = {7150D4E8-1D9A-4505-9E35-A9A1EBB7CBB9}
	EndGlobalSection
EndGlobal
