
Microsoft Visual Studio Solution File, Format Version 12.00
# Visual Studio Version 16
VisualStudioVersion = 16.0.31702.278
MinimumVisualStudioVersion = 10.0.40219.1
Project("{FAE04EC0-301F-11D3-BF4B-00C04F79EFBC}") = "ConsoleApp12", "ConsoleApp12\ConsoleApp12.csproj", "{88BE42BE-0C09-41D1-8C35-ED1DFE65E30A}"
EndProject
Global
	GlobalSection(SolutionConfigurationPlatforms) = preSolution
		Debug|Any CPU = Debug|Any CPU
		Release|Any CPU = Release|Any CPU
	EndGlobalSection
	GlobalSection(ProjectConfigurationPlatforms) = postSolution
		{88BE42BE-0C09-41D1-8C35-ED1DFE65E30A}.Debug|Any CPU.ActiveCfg = Debug|Any CPU
		{88BE42BE-0C09-41D1-8C35-ED1DFE65E30A}.Debug|Any CPU.Build.0 = Debug|Any CPU
		{88BE42BE-0C09-41D1-8C35-ED1DFE65E30A}.Release|Any CPU.ActiveCfg = Release|Any CPU
		{88BE42BE-0C09-41D1-8C35-ED1DFE65E30A}.Release|Any CPU.Build.0 = Release|Any CPU
	EndGlobalSection
	GlobalSection(SolutionProperties) = preSolution
		HideSolutionNode = FALSE
	EndGlobalSection
	GlobalSection(ExtensibilityGlobals) = postSolution
		SolutionGuid = {FB14EAF9-CCDD-40ED-B6DB-7B333DF0C128}
	EndGlobalSection
EndGlobal
