
Microsoft Visual Studio Solution File, Format Version 12.00
# Visual Studio Version 16
VisualStudioVersion = 16.0.31702.278
MinimumVisualStudioVersion = 10.0.40219.1
Project("{FAE04EC0-301F-11D3-BF4B-00C04F79EFBC}") = "Question 14 chapter 6", "Question 14 chapter 6\Question 14 chapter 6.csproj", "{434A4547-1A93-4065-819C-F0C8A71189B8}"
EndProject
Global
	GlobalSection(SolutionConfigurationPlatforms) = preSolution
		Debug|Any CPU = Debug|Any CPU
		Release|Any CPU = Release|Any CPU
	EndGlobalSection
	GlobalSection(ProjectConfigurationPlatforms) = postSolution
		{434A4547-1A93-4065-819C-F0C8A71189B8}.Debug|Any CPU.ActiveCfg = Debug|Any CPU
		{434A4547-1A93-4065-819C-F0C8A71189B8}.Debug|Any CPU.Build.0 = Debug|Any CPU
		{434A4547-1A93-4065-819C-F0C8A71189B8}.Release|Any CPU.ActiveCfg = Release|Any CPU
		{434A4547-1A93-4065-819C-F0C8A71189B8}.Release|Any CPU.Build.0 = Release|Any CPU
	EndGlobalSection
	GlobalSection(SolutionProperties) = preSolution
		HideSolutionNode = FALSE
	EndGlobalSection
	GlobalSection(ExtensibilityGlobals) = postSolution
		SolutionGuid = {D1462AE2-A438-4B8A-AFD4-A47FD0F3D236}
	EndGlobalSection
EndGlobal
