
Microsoft Visual Studio Solution File, Format Version 12.00
# Visual Studio Version 16
VisualStudioVersion = 16.0.31702.278
MinimumVisualStudioVersion = 10.0.40219.1
Project("{FAE04EC0-301F-11D3-BF4B-00C04F79EFBC}") = "ConsoleApp2", "ConsoleApp2\ConsoleApp2.csproj", "{DC3290B2-3401-4D06-A964-106F32860A92}"
EndProject
Global
	GlobalSection(SolutionConfigurationPlatforms) = preSolution
		Debug|Any CPU = Debug|Any CPU
		Release|Any CPU = Release|Any CPU
	EndGlobalSection
	GlobalSection(ProjectConfigurationPlatforms) = postSolution
		{DC3290B2-3401-4D06-A964-106F32860A92}.Debug|Any CPU.ActiveCfg = Debug|Any CPU
		{DC3290B2-3401-4D06-A964-106F32860A92}.Debug|Any CPU.Build.0 = Debug|Any CPU
		{DC3290B2-3401-4D06-A964-106F32860A92}.Release|Any CPU.ActiveCfg = Release|Any CPU
		{DC3290B2-3401-4D06-A964-106F32860A92}.Release|Any CPU.Build.0 = Release|Any CPU
	EndGlobalSection
	GlobalSection(SolutionProperties) = preSolution
		HideSolutionNode = FALSE
	EndGlobalSection
	GlobalSection(ExtensibilityGlobals) = postSolution
		SolutionGuid = {6922F98B-0642-4379-8F5C-A3691AAD8E2E}
	EndGlobalSection
EndGlobal
