
Microsoft Visual Studio Solution File, Format Version 12.00
# Visual Studio Version 16
VisualStudioVersion = 16.0.31702.278
MinimumVisualStudioVersion = 10.0.40219.1
Project("{FAE04EC0-301F-11D3-BF4B-00C04F79EFBC}") = "Stream and File", "Stream and File\Stream and File.csproj", "{1E964D14-3351-489B-A608-3BFEAC2BC00F}"
EndProject
Global
	GlobalSection(SolutionConfigurationPlatforms) = preSolution
		Debug|Any CPU = Debug|Any CPU
		Release|Any CPU = Release|Any CPU
	EndGlobalSection
	GlobalSection(ProjectConfigurationPlatforms) = postSolution
		{1E964D14-3351-489B-A608-3BFEAC2BC00F}.Debug|Any CPU.ActiveCfg = Debug|Any CPU
		{1E964D14-3351-489B-A608-3BFEAC2BC00F}.Debug|Any CPU.Build.0 = Debug|Any CPU
		{1E964D14-3351-489B-A608-3BFEAC2BC00F}.Release|Any CPU.ActiveCfg = Release|Any CPU
		{1E964D14-3351-489B-A608-3BFEAC2BC00F}.Release|Any CPU.Build.0 = Release|Any CPU
	EndGlobalSection
	GlobalSection(SolutionProperties) = preSolution
		HideSolutionNode = FALSE
	EndGlobalSection
	GlobalSection(ExtensibilityGlobals) = postSolution
		SolutionGuid = {BCABA24B-B301-4B0F-B61F-088D064D9B25}
	EndGlobalSection
EndGlobal
