
Microsoft Visual Studio Solution File, Format Version 12.00
# Visual Studio Version 16
VisualStudioVersion = 16.0.31702.278
MinimumVisualStudioVersion = 10.0.40219.1
Project("{9A19103F-16F7-4668-BE54-9A1E7A4F7556}") = "Assessment Tutorial Assignment Class", "Assessment Tutorial Assignment Class\Assessment Tutorial Assignment Class.csproj", "{5730A764-D86D-41B2-9213-67240B7B7223}"
EndProject
Project("{FAE04EC0-301F-11D3-BF4B-00C04F79EFBC}") = "assessmentquestion", "..\assessmentquestion\assessmentquestion\assessmentquestion.csproj", "{669AAEB6-E591-4E2D-B6E2-756A55829AD0}"
EndProject
Global
	GlobalSection(SolutionConfigurationPlatforms) = preSolution
		Debug|Any CPU = Debug|Any CPU
		Release|Any CPU = Release|Any CPU
	EndGlobalSection
	GlobalSection(ProjectConfigurationPlatforms) = postSolution
		{5730A764-D86D-41B2-9213-67240B7B7223}.Debug|Any CPU.ActiveCfg = Debug|Any CPU
		{5730A764-D86D-41B2-9213-67240B7B7223}.Debug|Any CPU.Build.0 = Debug|Any CPU
		{5730A764-D86D-41B2-9213-67240B7B7223}.Release|Any CPU.ActiveCfg = Release|Any CPU
		{5730A764-D86D-41B2-9213-67240B7B7223}.Release|Any CPU.Build.0 = Release|Any CPU
		{669AAEB6-E591-4E2D-B6E2-756A55829AD0}.Debug|Any CPU.ActiveCfg = Debug|Any CPU
		{669AAEB6-E591-4E2D-B6E2-756A55829AD0}.Debug|Any CPU.Build.0 = Debug|Any CPU
		{669AAEB6-E591-4E2D-B6E2-756A55829AD0}.Release|Any CPU.ActiveCfg = Release|Any CPU
		{669AAEB6-E591-4E2D-B6E2-756A55829AD0}.Release|Any CPU.Build.0 = Release|Any CPU
	EndGlobalSection
	GlobalSection(SolutionProperties) = preSolution
		HideSolutionNode = FALSE
	EndGlobalSection
	GlobalSection(ExtensibilityGlobals) = postSolution
		SolutionGuid = {7EE969D3-F06C-447C-8BE8-F1048FCD21B9}
	EndGlobalSection
EndGlobal
