
Microsoft Visual Studio Solution File, Format Version 12.00
# Visual Studio Version 16
VisualStudioVersion = 16.0.31702.278
MinimumVisualStudioVersion = 10.0.40219.1
Project("{FAE04EC0-301F-11D3-BF4B-00C04F79EFBC}") = "Question 5 chapter6", "Question 5 chapter6\Question 5 chapter6.csproj", "{B71CB0CE-9283-4987-8702-8A47A14B8816}"
EndProject
Global
	GlobalSection(SolutionConfigurationPlatforms) = preSolution
		Debug|Any CPU = Debug|Any CPU
		Release|Any CPU = Release|Any CPU
	EndGlobalSection
	GlobalSection(ProjectConfigurationPlatforms) = postSolution
		{B71CB0CE-9283-4987-8702-8A47A14B8816}.Debug|Any CPU.ActiveCfg = Debug|Any CPU
		{B71CB0CE-9283-4987-8702-8A47A14B8816}.Debug|Any CPU.Build.0 = Debug|Any CPU
		{B71CB0CE-9283-4987-8702-8A47A14B8816}.Release|Any CPU.ActiveCfg = Release|Any CPU
		{B71CB0CE-9283-4987-8702-8A47A14B8816}.Release|Any CPU.Build.0 = Release|Any CPU
	EndGlobalSection
	GlobalSection(SolutionProperties) = preSolution
		HideSolutionNode = FALSE
	EndGlobalSection
	GlobalSection(ExtensibilityGlobals) = postSolution
		SolutionGuid = {0813926E-ACA0-4FC7-87CD-E0F90EAA2E54}
	EndGlobalSection
EndGlobal
