
Microsoft Visual Studio Solution File, Format Version 12.00
# Visual Studio Version 16
VisualStudioVersion = 16.0.31702.278
MinimumVisualStudioVersion = 10.0.40219.1
Project("{FAE04EC0-301F-11D3-BF4B-00C04F79EFBC}") = "Link Class", "Link Class\Link Class.csproj", "{3605DFD2-9EAB-4844-9AA2-8CD21A3E9D50}"
EndProject
Global
	GlobalSection(SolutionConfigurationPlatforms) = preSolution
		Debug|Any CPU = Debug|Any CPU
		Release|Any CPU = Release|Any CPU
	EndGlobalSection
	GlobalSection(ProjectConfigurationPlatforms) = postSolution
		{3605DFD2-9EAB-4844-9AA2-8CD21A3E9D50}.Debug|Any CPU.ActiveCfg = Debug|Any CPU
		{3605DFD2-9EAB-4844-9AA2-8CD21A3E9D50}.Debug|Any CPU.Build.0 = Debug|Any CPU
		{3605DFD2-9EAB-4844-9AA2-8CD21A3E9D50}.Release|Any CPU.ActiveCfg = Release|Any CPU
		{3605DFD2-9EAB-4844-9AA2-8CD21A3E9D50}.Release|Any CPU.Build.0 = Release|Any CPU
	EndGlobalSection
	GlobalSection(SolutionProperties) = preSolution
		HideSolutionNode = FALSE
	EndGlobalSection
	GlobalSection(ExtensibilityGlobals) = postSolution
		SolutionGuid = {60771C2B-ADDE-4772-B841-2AEB2E1F4079}
	EndGlobalSection
EndGlobal
