
Microsoft Visual Studio Solution File, Format Version 12.00
# Visual Studio Version 17
VisualStudioVersion = 17.1.32328.378
MinimumVisualStudioVersion = 10.0.40219.1
Project("{FAE04EC0-301F-11D3-BF4B-00C04F79EFBC}") = "Charpter4", "Charpter4\Charpter4.csproj", "{1C1E4906-5E46-40DB-A323-9C4686222641}"
EndProject
Global
	GlobalSection(SolutionConfigurationPlatforms) = preSolution
		Debug|Any CPU = Debug|Any CPU
		Release|Any CPU = Release|Any CPU
	EndGlobalSection
	GlobalSection(ProjectConfigurationPlatforms) = postSolution
		{1C1E4906-5E46-40DB-A323-9C4686222641}.Debug|Any CPU.ActiveCfg = Debug|Any CPU
		{1C1E4906-5E46-40DB-A323-9C4686222641}.Debug|Any CPU.Build.0 = Debug|Any CPU
		{1C1E4906-5E46-40DB-A323-9C4686222641}.Release|Any CPU.ActiveCfg = Release|Any CPU
		{1C1E4906-5E46-40DB-A323-9C4686222641}.Release|Any CPU.Build.0 = Release|Any CPU
	EndGlobalSection
	GlobalSection(SolutionProperties) = preSolution
		HideSolutionNode = FALSE
	EndGlobalSection
	GlobalSection(ExtensibilityGlobals) = postSolution
		SolutionGuid = {BB748B38-8E14-4C95-9E03-019B7D83F3DB}
	EndGlobalSection
EndGlobal
